// !$*UTF8*$!
{
	archiveVersion = 1;
	classes = {
	};
	objectVersion = 55;
	objects = {

/* Begin PBXBuildFile section */
		135B7A1127EB64E40021F79A /* GitHubDetailsViewModel.swift in Sources */ = {isa = PBXBuildFile; fileRef = 135B7A1027EB64E40021F79A /* GitHubDetailsViewModel.swift */; };
		1367DFEF27E4E00700B8F9C3 /* AppDelegate.swift in Sources */ = {isa = PBXBuildFile; fileRef = 1367DFEE27E4E00700B8F9C3 /* AppDelegate.swift */; };
		1367DFF127E4E00700B8F9C3 /* SceneDelegate.swift in Sources */ = {isa = PBXBuildFile; fileRef = 1367DFF027E4E00700B8F9C3 /* SceneDelegate.swift */; };
		1367DFF327E4E00700B8F9C3 /* GitHubSearchViewController.swift in Sources */ = {isa = PBXBuildFile; fileRef = 1367DFF227E4E00700B8F9C3 /* GitHubSearchViewController.swift */; };
		1367DFF827E4E00D00B8F9C3 /* Assets.xcassets in Resources */ = {isa = PBXBuildFile; fileRef = 1367DFF727E4E00D00B8F9C3 /* Assets.xcassets */; };
		1367DFFB27E4E00D00B8F9C3 /* LaunchScreen.storyboard in Resources */ = {isa = PBXBuildFile; fileRef = 1367DFF927E4E00D00B8F9C3 /* LaunchScreen.storyboard */; };
		1367E00627E5088000B8F9C3 /* GitHubModel.swift in Sources */ = {isa = PBXBuildFile; fileRef = 1367E00527E5088000B8F9C3 /* GitHubModel.swift */; };
		1367E00827E508B000B8F9C3 /* GitHubSearchView.swift in Sources */ = {isa = PBXBuildFile; fileRef = 1367E00727E508B000B8F9C3 /* GitHubSearchView.swift */; };
		1367E00A27E508CE00B8F9C3 /* GitHubDetailsView.swift in Sources */ = {isa = PBXBuildFile; fileRef = 1367E00927E508CE00B8F9C3 /* GitHubDetailsView.swift */; };
		1367E00C27E508DD00B8F9C3 /* GitHubSearchViewModel.swift in Sources */ = {isa = PBXBuildFile; fileRef = 1367E00B27E508DD00B8F9C3 /* GitHubSearchViewModel.swift */; };
		1367E00F27E5094E00B8F9C3 /* Coordinator.swift in Sources */ = {isa = PBXBuildFile; fileRef = 1367E00E27E5094E00B8F9C3 /* Coordinator.swift */; };
		1367E01127E509DE00B8F9C3 /* Coordinating.swift in Sources */ = {isa = PBXBuildFile; fileRef = 1367E01027E509DE00B8F9C3 /* Coordinating.swift */; };
		1367E01427E50DB200B8F9C3 /* GitHubDetailsViewController.swift in Sources */ = {isa = PBXBuildFile; fileRef = 1367E01327E50DB200B8F9C3 /* GitHubDetailsViewController.swift */; };
		1367E01727E50EAF00B8F9C3 /* ApiService.swift in Sources */ = {isa = PBXBuildFile; fileRef = 1367E01627E50EAF00B8F9C3 /* ApiService.swift */; };
/* End PBXBuildFile section */

/* Begin PBXFileReference section */
		135B7A1027EB64E40021F79A /* GitHubDetailsViewModel.swift */ = {isa = PBXFileReference; lastKnownFileType = sourcecode.swift; path = GitHubDetailsViewModel.swift; sourceTree = "<group>"; };
		1367DFEB27E4E00700B8F9C3 /* GitHubApp.app */ = {isa = PBXFileReference; explicitFileType = wrapper.application; includeInIndex = 0; path = GitHubApp.app; sourceTree = BUILT_PRODUCTS_DIR; };
		1367DFEE27E4E00700B8F9C3 /* AppDelegate.swift */ = {isa = PBXFileReference; lastKnownFileType = sourcecode.swift; path = AppDelegate.swift; sourceTree = "<group>"; };
		1367DFF027E4E00700B8F9C3 /* SceneDelegate.swift */ = {isa = PBXFileReference; lastKnownFileType = sourcecode.swift; path = SceneDelegate.swift; sourceTree = "<group>"; };
		1367DFF227E4E00700B8F9C3 /* GitHubSearchViewController.swift */ = {isa = PBXFileReference; lastKnownFileType = sourcecode.swift; path = GitHubSearchViewController.swift; sourceTree = "<group>"; };
		1367DFF727E4E00D00B8F9C3 /* Assets.xcassets */ = {isa = PBXFileReference; lastKnownFileType = folder.assetcatalog; path = Assets.xcassets; sourceTree = "<group>"; };
		1367DFFA27E4E00D00B8F9C3 /* Base */ = {isa = PBXFileReference; lastKnownFileType = file.storyboard; name = Base; path = Base.lproj/LaunchScreen.storyboard; sourceTree = "<group>"; };
		1367DFFC27E4E00D00B8F9C3 /* Info.plist */ = {isa = PBXFileReference; lastKnownFileType = text.plist.xml; path = Info.plist; sourceTree = "<group>"; };
		1367E00527E5088000B8F9C3 /* GitHubModel.swift */ = {isa = PBXFileReference; lastKnownFileType = sourcecode.swift; path = GitHubModel.swift; sourceTree = "<group>"; };
		1367E00727E508B000B8F9C3 /* GitHubSearchView.swift */ = {isa = PBXFileReference; lastKnownFileType = sourcecode.swift; path = GitHubSearchView.swift; sourceTree = "<group>"; };
		1367E00927E508CE00B8F9C3 /* GitHubDetailsView.swift */ = {isa = PBXFileReference; lastKnownFileType = sourcecode.swift; path = GitHubDetailsView.swift; sourceTree = "<group>"; };
		1367E00B27E508DD00B8F9C3 /* GitHubSearchViewModel.swift */ = {isa = PBXFileReference; lastKnownFileType = sourcecode.swift; path = GitHubSearchViewModel.swift; sourceTree = "<group>"; };
		1367E00E27E5094E00B8F9C3 /* Coordinator.swift */ = {isa = PBXFileReference; lastKnownFileType = sourcecode.swift; path = Coordinator.swift; sourceTree = "<group>"; };
		1367E01027E509DE00B8F9C3 /* Coordinating.swift */ = {isa = PBXFileReference; lastKnownFileType = sourcecode.swift; path = Coordinating.swift; sourceTree = "<group>"; };
		1367E01327E50DB200B8F9C3 /* GitHubDetailsViewController.swift */ = {isa = PBXFileReference; lastKnownFileType = sourcecode.swift; path = GitHubDetailsViewController.swift; sourceTree = "<group>"; };
		1367E01627E50EAF00B8F9C3 /* ApiService.swift */ = {isa = PBXFileReference; lastKnownFileType = sourcecode.swift; path = ApiService.swift; sourceTree = "<group>"; };
/* End PBXFileReference section */

/* Begin PBXFrameworksBuildPhase section */
		1367DFE827E4E00700B8F9C3 /* Frameworks */ = {
			isa = PBXFrameworksBuildPhase;
			buildActionMask = 2147483647;
			files = (
			);
			runOnlyForDeploymentPostprocessing = 0;
		};
/* End PBXFrameworksBuildPhase section */

/* Begin PBXGroup section */
		135B7A0C27EB64950021F79A /* Scenes */ = {
			isa = PBXGroup;
			children = (
				135B7A0E27EB64A60021F79A /* GitHubSearch */,
				135B7A0F27EB64B20021F79A /* GitHubDetails */,
			);
			path = Scenes;
			sourceTree = "<group>";
		};
		135B7A0E27EB64A60021F79A /* GitHubSearch */ = {
			isa = PBXGroup;
			children = (
				1367E00727E508B000B8F9C3 /* GitHubSearchView.swift */,
				1367E00B27E508DD00B8F9C3 /* GitHubSearchViewModel.swift */,
				1367DFF227E4E00700B8F9C3 /* GitHubSearchViewController.swift */,
			);
			path = GitHubSearch;
			sourceTree = "<group>";
		};
		135B7A0F27EB64B20021F79A /* GitHubDetails */ = {
			isa = PBXGroup;
			children = (
				1367E00927E508CE00B8F9C3 /* GitHubDetailsView.swift */,
				1367E01327E50DB200B8F9C3 /* GitHubDetailsViewController.swift */,
				135B7A1027EB64E40021F79A /* GitHubDetailsViewModel.swift */,
			);
			path = GitHubDetails;
			sourceTree = "<group>";
		};
		1367DFE227E4E00700B8F9C3 = {
			isa = PBXGroup;
			children = (
				1367DFED27E4E00700B8F9C3 /* GitHubApp */,
				1367DFEC27E4E00700B8F9C3 /* Products */,
			);
			sourceTree = "<group>";
		};
		1367DFEC27E4E00700B8F9C3 /* Products */ = {
			isa = PBXGroup;
			children = (
				1367DFEB27E4E00700B8F9C3 /* GitHubApp.app */,
			);
			name = Products;
			sourceTree = "<group>";
		};
		1367DFED27E4E00700B8F9C3 /* GitHubApp */ = {
			isa = PBXGroup;
			children = (
				135B7A0C27EB64950021F79A /* Scenes */,
				1367E01527E50E9B00B8F9C3 /* Networking */,
				1367E00D27E508F100B8F9C3 /* Coordinator */,
				1367E00427E5083B00B8F9C3 /* Model */,
				1367DFEE27E4E00700B8F9C3 /* AppDelegate.swift */,
				1367DFF027E4E00700B8F9C3 /* SceneDelegate.swift */,
				1367DFF727E4E00D00B8F9C3 /* Assets.xcassets */,
				1367DFF927E4E00D00B8F9C3 /* LaunchScreen.storyboard */,
				1367DFFC27E4E00D00B8F9C3 /* Info.plist */,
			);
			path = GitHubApp;
			sourceTree = "<group>";
		};
		1367E00427E5083B00B8F9C3 /* Model */ = {
			isa = PBXGroup;
			children = (
				1367E00527E5088000B8F9C3 /* GitHubModel.swift */,
			);
			path = Model;
			sourceTree = "<group>";
		};
		1367E00D27E508F100B8F9C3 /* Coordinator */ = {
			isa = PBXGroup;
			children = (
				1367E00E27E5094E00B8F9C3 /* Coordinator.swift */,
				1367E01027E509DE00B8F9C3 /* Coordinating.swift */,
			);
			path = Coordinator;
			sourceTree = "<group>";
		};
		1367E01527E50E9B00B8F9C3 /* Networking */ = {
			isa = PBXGroup;
			children = (
				1367E01627E50EAF00B8F9C3 /* ApiService.swift */,
			);
			path = Networking;
			sourceTree = "<group>";
		};
/* End PBXGroup section */

/* Begin PBXNativeTarget section */
		1367DFEA27E4E00700B8F9C3 /* GitHubApp */ = {
			isa = PBXNativeTarget;
			buildConfigurationList = 1367DFFF27E4E00D00B8F9C3 /* Build configuration list for PBXNativeTarget "GitHubApp" */;
			buildPhases = (
				1367DFE727E4E00700B8F9C3 /* Sources */,
				1367DFE827E4E00700B8F9C3 /* Frameworks */,
				1367DFE927E4E00700B8F9C3 /* Resources */,
			);
			buildRules = (
			);
			dependencies = (
			);
			name = GitHubApp;
			productName = GitHubApp;
			productReference = 1367DFEB27E4E00700B8F9C3 /* GitHubApp.app */;
			productType = "com.apple.product-type.application";
		};
/* End PBXNativeTarget section */

/* Begin PBXProject section */
		1367DFE327E4E00700B8F9C3 /* Project object */ = {
			isa = PBXProject;
			attributes = {
				BuildIndependentTargetsInParallel = 1;
				LastSwiftUpdateCheck = 1320;
				LastUpgradeCheck = 1320;
				TargetAttributes = {
					1367DFEA27E4E00700B8F9C3 = {
						CreatedOnToolsVersion = 13.2.1;
					};
				};
			};
			buildConfigurationList = 1367DFE627E4E00700B8F9C3 /* Build configuration list for PBXProject "GitHubApp" */;
			compatibilityVersion = "Xcode 13.0";
			developmentRegion = en;
			hasScannedForEncodings = 0;
			knownRegions = (
				en,
				Base,
			);
			mainGroup = 1367DFE227E4E00700B8F9C3;
			productRefGroup = 1367DFEC27E4E00700B8F9C3 /* Products */;
			projectDirPath = "";
			projectRoot = "";
			targets = (
				1367DFEA27E4E00700B8F9C3 /* GitHubApp */,
			);
		};
/* End PBXProject section */

/* Begin PBXResourcesBuildPhase section */
		1367DFE927E4E00700B8F9C3 /* Resources */ = {
			isa = PBXResourcesBuildPhase;
			buildActionMask = 2147483647;
			files = (
				1367DFFB27E4E00D00B8F9C3 /* LaunchScreen.storyboard in Resources */,
				1367DFF827E4E00D00B8F9C3 /* Assets.xcassets in Resources */,
			);
			runOnlyForDeploymentPostprocessing = 0;
		};
/* End PBXResourcesBuildPhase section */

/* Begin PBXSourcesBuildPhase section */
		1367DFE727E4E00700B8F9C3 /* Sources */ = {
			isa = PBXSourcesBuildPhase;
			buildActionMask = 2147483647;
			files = (
				135B7A1127EB64E40021F79A /* GitHubDetailsViewModel.swift in Sources */,
				1367E00F27E5094E00B8F9C3 /* Coordinator.swift in Sources */,
				1367E00627E5088000B8F9C3 /* GitHubModel.swift in Sources */,
				1367E01427E50DB200B8F9C3 /* GitHubDetailsViewController.swift in Sources */,
				1367DFF327E4E00700B8F9C3 /* GitHubSearchViewController.swift in Sources */,
				1367E00A27E508CE00B8F9C3 /* GitHubDetailsView.swift in Sources */,
				1367E01127E509DE00B8F9C3 /* Coordinating.swift in Sources */,
				1367E01727E50EAF00B8F9C3 /* ApiService.swift in Sources */,
				1367DFEF27E4E00700B8F9C3 /* AppDelegate.swift in Sources */,
				1367E00827E508B000B8F9C3 /* GitHubSearchView.swift in Sources */,
				1367E00C27E508DD00B8F9C3 /* GitHubSearchViewModel.swift in Sources */,
				1367DFF127E4E00700B8F9C3 /* SceneDelegate.swift in Sources */,
			);
			runOnlyForDeploymentPostprocessing = 0;
		};
/* End PBXSourcesBuildPhase section */

/* Begin PBXVariantGroup section */
		1367DFF927E4E00D00B8F9C3 /* LaunchScreen.storyboard */ = {
			isa = PBXVariantGroup;
			children = (
				1367DFFA27E4E00D00B8F9C3 /* Base */,
			);
			name = LaunchScreen.storyboard;
			sourceTree = "<group>";
		};
/* End PBXVariantGroup section */

/* Begin XCBuildConfiguration section */
		1367DFFD27E4E00D00B8F9C3 /* Debug */ = {
			isa = XCBuildConfiguration;
			buildSettings = {
				ALWAYS_SEARCH_USER_PATHS = NO;
				CLANG_ANALYZER_NONNULL = YES;
				CLANG_ANALYZER_NUMBER_OBJECT_CONVERSION = YES_AGGRESSIVE;
				CLANG_CXX_LANGUAGE_STANDARD = "gnu++17";
				CLANG_CXX_LIBRARY = "libc++";
				CLANG_ENABLE_MODULES = YES;
				CLANG_ENABLE_OBJC_ARC = YES;
				CLANG_ENABLE_OBJC_WEAK = YES;
				CLANG_WARN_BLOCK_CAPTURE_AUTORELEASING = YES;
				CLANG_WARN_BOOL_CONVERSION = YES;
				CLANG_WARN_COMMA = YES;
				CLANG_WARN_CONSTANT_CONVERSION = YES;
				CLANG_WARN_DEPRECATED_OBJC_IMPLEMENTATIONS = YES;
				CLANG_WARN_DIRECT_OBJC_ISA_USAGE = YES_ERROR;
				CLANG_WARN_DOCUMENTATION_COMMENTS = YES;
				CLANG_WARN_EMPTY_BODY = YES;
				CLANG_WARN_ENUM_CONVERSION = YES;
				CLANG_WARN_INFINITE_RECURSION = YES;
				CLANG_WARN_INT_CONVERSION = YES;
				CLANG_WARN_NON_LITERAL_NULL_CONVERSION = YES;
				CLANG_WARN_OBJC_IMPLICIT_RETAIN_SELF = YES;
				CLANG_WARN_OBJC_LITERAL_CONVERSION = YES;
				CLANG_WARN_OBJC_ROOT_CLASS = YES_ERROR;
				CLANG_WARN_QUOTED_INCLUDE_IN_FRAMEWORK_HEADER = YES;
				CLANG_WARN_RANGE_LOOP_ANALYSIS = YES;
				CLANG_WARN_STRICT_PROTOTYPES = YES;
				CLANG_WARN_SUSPICIOUS_MOVE = YES;
				CLANG_WARN_UNGUARDED_AVAILABILITY = YES_AGGRESSIVE;
				CLANG_WARN_UNREACHABLE_CODE = YES;
				CLANG_WARN__DUPLICATE_METHOD_MATCH = YES;
				COPY_PHASE_STRIP = NO;
				DEBUG_INFORMATION_FORMAT = dwarf;
				ENABLE_STRICT_OBJC_MSGSEND = YES;
				ENABLE_TESTABILITY = YES;
				GCC_C_LANGUAGE_STANDARD = gnu11;
				GCC_DYNAMIC_NO_PIC = NO;
				GCC_NO_COMMON_BLOCKS = YES;
				GCC_OPTIMIZATION_LEVEL = 0;
				GCC_PREPROCESSOR_DEFINITIONS = (
					"DEBUG=1",
					"$(inherited)",
				);
				GCC_WARN_64_TO_32_BIT_CONVERSION = YES;
				GCC_WARN_ABOUT_RETURN_TYPE = YES_ERROR;
				GCC_WARN_UNDECLARED_SELECTOR = YES;
				GCC_WARN_UNINITIALIZED_AUTOS = YES_AGGRESSIVE;
				GCC_WARN_UNUSED_FUNCTION = YES;
				GCC_WARN_UNUSED_VARIABLE = YES;
				IPHONEOS_DEPLOYMENT_TARGET = 15.2;
				MTL_ENABLE_DEBUG_INFO = INCLUDE_SOURCE;
				MTL_FAST_MATH = YES;
				ONLY_ACTIVE_ARCH = YES;
				SDKROOT = iphoneos;
				SWIFT_ACTIVE_COMPILATION_CONDITIONS = DEBUG;
				SWIFT_OPTIMIZATION_LEVEL = "-Onone";
			};
			name = Debug;
		};
		1367DFFE27E4E00D00B8F9C3 /* Release */ = {
			isa = XCBuildConfiguration;
			buildSettings = {
				ALWAYS_SEARCH_USER_PATHS = NO;
				CLANG_ANALYZER_NONNULL = YES;
				CLANG_ANALYZER_NUMBER_OBJECT_CONVERSION = YES_AGGRESSIVE;
				CLANG_CXX_LANGUAGE_STANDARD = "gnu++17";
				CLANG_CXX_LIBRARY = "libc++";
				CLANG_ENABLE_MODULES = YES;
				CLANG_ENABLE_OBJC_ARC = YES;
				CLANG_ENABLE_OBJC_WEAK = YES;
				CLANG_WARN_BLOCK_CAPTURE_AUTORELEASING = YES;
				CLANG_WARN_BOOL_CONVERSION = YES;
				CLANG_WARN_COMMA = YES;
				CLANG_WARN_CONSTANT_CONVERSION = YES;
				CLANG_WARN_DEPRECATED_OBJC_IMPLEMENTATIONS = YES;
				CLANG_WARN_DIRECT_OBJC_ISA_USAGE = YES_ERROR;
				CLANG_WARN_DOCUMENTATION_COMMENTS = YES;
				CLANG_WARN_EMPTY_BODY = YES;
				CLANG_WARN_ENUM_CONVERSION = YES;
				CLANG_WARN_INFINITE_RECURSION = YES;
				CLANG_WARN_INT_CONVERSION = YES;
				CLANG_WARN_NON_LITERAL_NULL_CONVERSION = YES;
				CLANG_WARN_OBJC_IMPLICIT_RETAIN_SELF = YES;
				CLANG_WARN_OBJC_LITERAL_CONVERSION = YES;
				CLANG_WARN_OBJC_ROOT_CLASS = YES_ERROR;
				CLANG_WARN_QUOTED_INCLUDE_IN_FRAMEWORK_HEADER = YES;
				CLANG_WARN_RANGE_LOOP_ANALYSIS = YES;
				CLANG_WARN_STRICT_PROTOTYPES = YES;
				CLANG_WARN_SUSPICIOUS_MOVE = YES;
				CLANG_WARN_UNGUARDED_AVAILABILITY = YES_AGGRESSIVE;
				CLANG_WARN_UNREACHABLE_CODE = YES;
				CLANG_WARN__DUPLICATE_METHOD_MATCH = YES;
				COPY_PHASE_STRIP = NO;
				DEBUG_INFORMATION_FORMAT = "dwarf-with-dsym";
				ENABLE_NS_ASSERTIONS = NO;
				ENABLE_STRICT_OBJC_MSGSEND = YES;
				GCC_C_LANGUAGE_STANDARD = gnu11;
				GCC_NO_COMMON_BLOCKS = YES;
				GCC_WARN_64_TO_32_BIT_CONVERSION = YES;
				GCC_WARN_ABOUT_RETURN_TYPE = YES_ERROR;
				GCC_WARN_UNDECLARED_SELECTOR = YES;
				GCC_WARN_UNINITIALIZED_AUTOS = YES_AGGRESSIVE;
				GCC_WARN_UNUSED_FUNCTION = YES;
				GCC_WARN_UNUSED_VARIABLE = YES;
				IPHONEOS_DEPLOYMENT_TARGET = 15.2;
				MTL_ENABLE_DEBUG_INFO = NO;
				MTL_FAST_MATH = YES;
				SDKROOT = iphoneos;
				SWIFT_COMPILATION_MODE = wholemodule;
				SWIFT_OPTIMIZATION_LEVEL = "-O";
				VALIDATE_PRODUCT = YES;
			};
			name = Release;
		};
		1367E00027E4E00D00B8F9C3 /* Debug */ = {
			isa = XCBuildConfiguration;
			buildSettings = {
				ASSETCATALOG_COMPILER_APPICON_NAME = AppIcon;
				ASSETCATALOG_COMPILER_GLOBAL_ACCENT_COLOR_NAME = AccentColor;
				CODE_SIGN_STYLE = Automatic;
				CURRENT_PROJECT_VERSION = 1;
				DEVELOPMENT_TEAM = 63T8PTV9GL;
				GENERATE_INFOPLIST_FILE = YES;
				INFOPLIST_FILE = GitHubApp/Info.plist;
				INFOPLIST_KEY_UIApplicationSupportsIndirectInputEvents = YES;
				INFOPLIST_KEY_UILaunchStoryboardName = LaunchScreen;
				INFOPLIST_KEY_UISupportedInterfaceOrientations_iPad = "UIInterfaceOrientationPortrait UIInterfaceOrientationPortraitUpsideDown UIInterfaceOrientationLandscapeLeft UIInterfaceOrientationLandscapeRight";
				INFOPLIST_KEY_UISupportedInterfaceOrientations_iPhone = "UIInterfaceOrientationPortrait UIInterfaceOrientationLandscapeLeft UIInterfaceOrientationLandscapeRight";
				LD_RUNPATH_SEARCH_PATHS = (
					"$(inherited)",
					"@executable_path/Frameworks",
				);
				MARKETING_VERSION = 1.0;
				PRODUCT_BUNDLE_IDENTIFIER = victor.GitHubApp;
				PRODUCT_NAME = "$(TARGET_NAME)";
				SWIFT_EMIT_LOC_STRINGS = YES;
				SWIFT_VERSION = 5.0;
				TARGETED_DEVICE_FAMILY = "1,2";
			};
			name = Debug;
		};
		1367E00127E4E00D00B8F9C3 /* Release */ = {
			isa = XCBuildConfiguration;
			buildSettings = {
				ASSETCATALOG_COMPILER_APPICON_NAME = AppIcon;
				ASSETCATALOG_COMPILER_GLOBAL_ACCENT_COLOR_NAME = AccentColor;
				CODE_SIGN_STYLE = Automatic;
				CURRENT_PROJECT_VERSION = 1;
				DEVELOPMENT_TEAM = 63T8PTV9GL;
				GENERATE_INFOPLIST_FILE = YES;
				INFOPLIST_FILE = GitHubApp/Info.plist;
				INFOPLIST_KEY_UIApplicationSupportsIndirectInputEvents = YES;
				INFOPLIST_KEY_UILaunchStoryboardName = LaunchScreen;
				INFOPLIST_KEY_UISupportedInterfaceOrientations_iPad = "UIInterfaceOrientationPortrait UIInterfaceOrientationPortraitUpsideDown UIInterfaceOrientationLandscapeLeft UIInterfaceOrientationLandscapeRight";
				INFOPLIST_KEY_UISupportedInterfaceOrientations_iPhone = "UIInterfaceOrientationPortrait UIInterfaceOrientationLandscapeLeft UIInterfaceOrientationLandscapeRight";
				LD_RUNPATH_SEARCH_PATHS = (
					"$(inherited)",
					"@executable_path/Frameworks",
				);
				MARKETING_VERSION = 1.0;
				PRODUCT_BUNDLE_IDENTIFIER = victor.GitHubApp;
				PRODUCT_NAME = "$(TARGET_NAME)";
				SWIFT_EMIT_LOC_STRINGS = YES;
				SWIFT_VERSION = 5.0;
				TARGETED_DEVICE_FAMILY = "1,2";
			};
			name = Release;
		};
/* End XCBuildConfiguration section */

/* Begin XCConfigurationList section */
		1367DFE627E4E00700B8F9C3 /* Build configuration list for PBXProject "GitHubApp" */ = {
			isa = XCConfigurationList;
			buildConfigurations = (
				1367DFFD27E4E00D00B8F9C3 /* Debug */,
				1367DFFE27E4E00D00B8F9C3 /* Release */,
			);
			defaultConfigurationIsVisible = 0;
			defaultConfigurationName = Release;
		};
		1367DFFF27E4E00D00B8F9C3 /* Build configuration list for PBXNativeTarget "GitHubApp" */ = {
			isa = XCConfigurationList;
			buildConfigurations = (
				1367E00027E4E00D00B8F9C3 /* Debug */,
				1367E00127E4E00D00B8F9C3 /* Release */,
			);
			defaultConfigurationIsVisible = 0;
			defaultConfigurationName = Release;
		};
/* End XCConfigurationList section */
	};
	rootObject = 1367DFE327E4E00700B8F9C3 /* Project object */;
}
